
Microsoft Visual Studio Solution File, Format Version 12.00
# Visual Studio Version 16
VisualStudioVersion = 16.0.31105.61
MinimumVisualStudioVersion = 10.0.40219.1
Project("{9A19103F-16F7-4668-BE54-9A1E7A4F7556}") = "ConwayGame", "ConwayGame\ConwayGame.csproj", "{90DE3BDA-F3A1-4995-A9C7-67BF54042BA5}"
EndProject
Project("{9A19103F-16F7-4668-BE54-9A1E7A4F7556}") = "TestConwayGame", "TestConwayGame\TestConwayGame.csproj", "{90F30B37-51B1-457A-ABA7-E4C639980C77}"
EndProject
Project("{9A19103F-16F7-4668-BE54-9A1E7A4F7556}") = "ConwayBoardManager", "ConwayBoardManager\ConwayBoardManager.csproj", "{F96E4217-F6EC-4860-8A3E-2FFF2E62E83F}"
EndProject
Project("{9A19103F-16F7-4668-BE54-9A1E7A4F7556}") = "TestConwayBoard", "TestConwayBoard\TestConwayBoard.csproj", "{A1527503-3367-40FB-8783-F456D8B536EB}"
EndProject
Project("{FAE04EC0-301F-11D3-BF4B-00C04F79EFBC}") = "ConwayViewer", "ConwayViewer\ConwayViewer.csproj", "{768E75F8-505C-417A-9C4B-97F9425D4EC9}"
EndProject
Global
	GlobalSection(SolutionConfigurationPlatforms) = preSolution
		Debug|Any CPU = Debug|Any CPU
		Release|Any CPU = Release|Any CPU
	EndGlobalSection
	GlobalSection(ProjectConfigurationPlatforms) = postSolution
		{90DE3BDA-F3A1-4995-A9C7-67BF54042BA5}.Debug|Any CPU.ActiveCfg = Debug|Any CPU
		{90DE3BDA-F3A1-4995-A9C7-67BF54042BA5}.Debug|Any CPU.Build.0 = Debug|Any CPU
		{90DE3BDA-F3A1-4995-A9C7-67BF54042BA5}.Release|Any CPU.ActiveCfg = Release|Any CPU
		{90DE3BDA-F3A1-4995-A9C7-67BF54042BA5}.Release|Any CPU.Build.0 = Release|Any CPU
		{90F30B37-51B1-457A-ABA7-E4C639980C77}.Debug|Any CPU.ActiveCfg = Debug|Any CPU
		{90F30B37-51B1-457A-ABA7-E4C639980C77}.Debug|Any CPU.Build.0 = Debug|Any CPU
		{90F30B37-51B1-457A-ABA7-E4C639980C77}.Release|Any CPU.ActiveCfg = Release|Any CPU
		{90F30B37-51B1-457A-ABA7-E4C639980C77}.Release|Any CPU.Build.0 = Release|Any CPU
		{F96E4217-F6EC-4860-8A3E-2FFF2E62E83F}.Debug|Any CPU.ActiveCfg = Debug|Any CPU
		{F96E4217-F6EC-4860-8A3E-2FFF2E62E83F}.Debug|Any CPU.Build.0 = Debug|Any CPU
		{F96E4217-F6EC-4860-8A3E-2FFF2E62E83F}.Release|Any CPU.ActiveCfg = Release|Any CPU
		{F96E4217-F6EC-4860-8A3E-2FFF2E62E83F}.Release|Any CPU.Build.0 = Release|Any CPU
		{A1527503-3367-40FB-8783-F456D8B536EB}.Debug|Any CPU.ActiveCfg = Debug|Any CPU
		{A1527503-3367-40FB-8783-F456D8B536EB}.Debug|Any CPU.Build.0 = Debug|Any CPU
		{A1527503-3367-40FB-8783-F456D8B536EB}.Release|Any CPU.ActiveCfg = Release|Any CPU
		{A1527503-3367-40FB-8783-F456D8B536EB}.Release|Any CPU.Build.0 = Release|Any CPU
		{768E75F8-505C-417A-9C4B-97F9425D4EC9}.Debug|Any CPU.ActiveCfg = Debug|Any CPU
		{768E75F8-505C-417A-9C4B-97F9425D4EC9}.Debug|Any CPU.Build.0 = Debug|Any CPU
		{768E75F8-505C-417A-9C4B-97F9425D4EC9}.Release|Any CPU.ActiveCfg = Release|Any CPU
		{768E75F8-505C-417A-9C4B-97F9425D4EC9}.Release|Any CPU.Build.0 = Release|Any CPU
	EndGlobalSection
	GlobalSection(SolutionProperties) = preSolution
		HideSolutionNode = FALSE
	EndGlobalSection
	GlobalSection(ExtensibilityGlobals) = postSolution
		SolutionGuid = {575E54E3-5234-4B13-9B67-B995E674CD87}
	EndGlobalSection
EndGlobal
