
Microsoft Visual Studio Solution File, Format Version 12.00
# Visual Studio Version 16
VisualStudioVersion = 16.0.31105.61
MinimumVisualStudioVersion = 10.0.40219.1
Project("{9A19103F-16F7-4668-BE54-9A1E7A4F7556}") = "ConwayViewer", "ConwayViewer\ConwayViewer.csproj", "{768E75F8-505C-417A-9C4B-97F9425D4EC9}"
EndProject
Project("{9A19103F-16F7-4668-BE54-9A1E7A4F7556}") = "ConwayGameWebApp", "ConwayGameWebApp\ConwayGameWebApp.csproj", "{77AD877B-5146-432C-B604-B300C96FC716}"
EndProject
Project("{9A19103F-16F7-4668-BE54-9A1E7A4F7556}") = "ConwayGameCore", "ConwayGameCore\ConwayGameCore.csproj", "{1AFAA2FB-0898-49E8-A33E-6E2BC3C1407D}"
EndProject
Project("{2150E333-8FDC-42A3-9474-1A3956D46DE8}") = "Solution Items", "Solution Items", "{544D5B4A-6020-43BA-9A2A-87633C3AF677}"
	ProjectSection(SolutionItems) = preProject
		readme.txt = readme.txt
	EndProjectSection
EndProject
Global
	GlobalSection(SolutionConfigurationPlatforms) = preSolution
		Debug|Any CPU = Debug|Any CPU
		Release|Any CPU = Release|Any CPU
	EndGlobalSection
	GlobalSection(ProjectConfigurationPlatforms) = postSolution
		{768E75F8-505C-417A-9C4B-97F9425D4EC9}.Debug|Any CPU.ActiveCfg = Debug|Any CPU
		{768E75F8-505C-417A-9C4B-97F9425D4EC9}.Debug|Any CPU.Build.0 = Debug|Any CPU
		{768E75F8-505C-417A-9C4B-97F9425D4EC9}.Release|Any CPU.ActiveCfg = Release|Any CPU
		{768E75F8-505C-417A-9C4B-97F9425D4EC9}.Release|Any CPU.Build.0 = Release|Any CPU
		{77AD877B-5146-432C-B604-B300C96FC716}.Debug|Any CPU.ActiveCfg = Debug|Any CPU
		{77AD877B-5146-432C-B604-B300C96FC716}.Debug|Any CPU.Build.0 = Debug|Any CPU
		{77AD877B-5146-432C-B604-B300C96FC716}.Release|Any CPU.ActiveCfg = Release|Any CPU
		{77AD877B-5146-432C-B604-B300C96FC716}.Release|Any CPU.Build.0 = Release|Any CPU
		{1AFAA2FB-0898-49E8-A33E-6E2BC3C1407D}.Debug|Any CPU.ActiveCfg = Debug|Any CPU
		{1AFAA2FB-0898-49E8-A33E-6E2BC3C1407D}.Debug|Any CPU.Build.0 = Debug|Any CPU
		{1AFAA2FB-0898-49E8-A33E-6E2BC3C1407D}.Release|Any CPU.ActiveCfg = Release|Any CPU
		{1AFAA2FB-0898-49E8-A33E-6E2BC3C1407D}.Release|Any CPU.Build.0 = Release|Any CPU
	EndGlobalSection
	GlobalSection(SolutionProperties) = preSolution
		HideSolutionNode = FALSE
	EndGlobalSection
	GlobalSection(ExtensibilityGlobals) = postSolution
		SolutionGuid = {575E54E3-5234-4B13-9B67-B995E674CD87}
	EndGlobalSection
EndGlobal
